
Microsoft Visual Studio Solution File, Format Version 12.00
# Visual Studio Version 16
VisualStudioVersion = 16.0.30804.86
MinimumVisualStudioVersion = 10.0.40219.1
Project("{FAE04EC0-301F-11D3-BF4B-00C04F79EFBC}") = "Sorts", "Sorts\Sorts.csproj", "{EA90B081-3601-4B70-BB33-F16D92699F1E}"
EndProject
Project("{FAE04EC0-301F-11D3-BF4B-00C04F79EFBC}") = "Sorts.Test", "Sorts.Test\Sorts.Test.csproj", "{E42CD6C9-06F2-4D47-82AE-3BEAA3711A8D}"
EndProject
Global
	GlobalSection(SolutionConfigurationPlatforms) = preSolution
		Debug|Any CPU = Debug|Any CPU
		Release|Any CPU = Release|Any CPU
	EndGlobalSection
	GlobalSection(ProjectConfigurationPlatforms) = postSolution
		{EA90B081-3601-4B70-BB33-F16D92699F1E}.Debug|Any CPU.ActiveCfg = Debug|Any CPU
		{EA90B081-3601-4B70-BB33-F16D92699F1E}.Debug|Any CPU.Build.0 = Debug|Any CPU
		{EA90B081-3601-4B70-BB33-F16D92699F1E}.Release|Any CPU.ActiveCfg = Release|Any CPU
		{EA90B081-3601-4B70-BB33-F16D92699F1E}.Release|Any CPU.Build.0 = Release|Any CPU
		{E42CD6C9-06F2-4D47-82AE-3BEAA3711A8D}.Debug|Any CPU.ActiveCfg = Debug|Any CPU
		{E42CD6C9-06F2-4D47-82AE-3BEAA3711A8D}.Debug|Any CPU.Build.0 = Debug|Any CPU
		{E42CD6C9-06F2-4D47-82AE-3BEAA3711A8D}.Release|Any CPU.ActiveCfg = Release|Any CPU
		{E42CD6C9-06F2-4D47-82AE-3BEAA3711A8D}.Release|Any CPU.Build.0 = Release|Any CPU
	EndGlobalSection
	GlobalSection(SolutionProperties) = preSolution
		HideSolutionNode = FALSE
	EndGlobalSection
	GlobalSection(ExtensibilityGlobals) = postSolution
		SolutionGuid = {B8DE91DB-8DED-4719-B072-A3F34A845F71}
	EndGlobalSection
EndGlobal
