
Microsoft Visual Studio Solution File, Format Version 12.00
# Visual Studio Version 16
VisualStudioVersion = 16.0.30804.86
MinimumVisualStudioVersion = 10.0.40219.1
Project("{FAE04EC0-301F-11D3-BF4B-00C04F79EFBC}") = "Huffman", "Huffman\Huffman.csproj", "{490CBB7E-4531-465F-A3D9-00637FF0D063}"
EndProject
Global
	GlobalSection(SolutionConfigurationPlatforms) = preSolution
		Debug|Any CPU = Debug|Any CPU
		Release|Any CPU = Release|Any CPU
	EndGlobalSection
	GlobalSection(ProjectConfigurationPlatforms) = postSolution
		{490CBB7E-4531-465F-A3D9-00637FF0D063}.Debug|Any CPU.ActiveCfg = Debug|Any CPU
		{490CBB7E-4531-465F-A3D9-00637FF0D063}.Debug|Any CPU.Build.0 = Debug|Any CPU
		{490CBB7E-4531-465F-A3D9-00637FF0D063}.Release|Any CPU.ActiveCfg = Release|Any CPU
		{490CBB7E-4531-465F-A3D9-00637FF0D063}.Release|Any CPU.Build.0 = Release|Any CPU
	EndGlobalSection
	GlobalSection(SolutionProperties) = preSolution
		HideSolutionNode = FALSE
	EndGlobalSection
	GlobalSection(ExtensibilityGlobals) = postSolution
		SolutionGuid = {9C158066-3C98-491E-966B-D73A8BBD5D62}
	EndGlobalSection
EndGlobal
