
Microsoft Visual Studio Solution File, Format Version 12.00
# Visual Studio Version 17
VisualStudioVersion = 17.1.32210.238
MinimumVisualStudioVersion = 10.0.40219.1
Project("{FAE04EC0-301F-11D3-BF4B-00C04F79EFBC}") = "Coordinator.Lib", "Coordinator.Lib\Coordinator.Lib.csproj", "{CEEFC51C-39A5-4F18-B092-A1778DA15DF8}"
EndProject
Project("{FAE04EC0-301F-11D3-BF4B-00C04F79EFBC}") = "Coordinator.ConsoleApp", "Coordinator.ConsoleApp\Coordinator.ConsoleApp.csproj", "{E8705090-7393-4849-A3B4-2603E43D1D14}"
	ProjectSection(ProjectDependencies) = postProject
		{CEEFC51C-39A5-4F18-B092-A1778DA15DF8} = {CEEFC51C-39A5-4F18-B092-A1778DA15DF8}
	EndProjectSection
EndProject
Global
	GlobalSection(SolutionConfigurationPlatforms) = preSolution
		Debug|Any CPU = Debug|Any CPU
		Release|Any CPU = Release|Any CPU
	EndGlobalSection
	GlobalSection(ProjectConfigurationPlatforms) = postSolution
		{CEEFC51C-39A5-4F18-B092-A1778DA15DF8}.Debug|Any CPU.ActiveCfg = Debug|Any CPU
		{CEEFC51C-39A5-4F18-B092-A1778DA15DF8}.Debug|Any CPU.Build.0 = Debug|Any CPU
		{CEEFC51C-39A5-4F18-B092-A1778DA15DF8}.Release|Any CPU.ActiveCfg = Release|Any CPU
		{CEEFC51C-39A5-4F18-B092-A1778DA15DF8}.Release|Any CPU.Build.0 = Release|Any CPU
		{E8705090-7393-4849-A3B4-2603E43D1D14}.Debug|Any CPU.ActiveCfg = Debug|Any CPU
		{E8705090-7393-4849-A3B4-2603E43D1D14}.Debug|Any CPU.Build.0 = Debug|Any CPU
		{E8705090-7393-4849-A3B4-2603E43D1D14}.Release|Any CPU.ActiveCfg = Release|Any CPU
		{E8705090-7393-4849-A3B4-2603E43D1D14}.Release|Any CPU.Build.0 = Release|Any CPU
	EndGlobalSection
	GlobalSection(SolutionProperties) = preSolution
		HideSolutionNode = FALSE
	EndGlobalSection
	GlobalSection(ExtensibilityGlobals) = postSolution
		SolutionGuid = {5E601D31-699F-42B3-A129-21683CB73330}
	EndGlobalSection
EndGlobal
