
Microsoft Visual Studio Solution File, Format Version 12.00
# Visual Studio Version 16
VisualStudioVersion = 16.0.31205.134
MinimumVisualStudioVersion = 10.0.40219.1
Project("{FAE04EC0-301F-11D3-BF4B-00C04F79EFBC}") = "ExerciseOnSolid", "ExerciseOnSolid\ExerciseOnSolid.csproj", "{3205AD2C-9958-44DB-A642-EDFDBEA9CA6E}"
EndProject
Global
	GlobalSection(SolutionConfigurationPlatforms) = preSolution
		Debug|Any CPU = Debug|Any CPU
		Release|Any CPU = Release|Any CPU
	EndGlobalSection
	GlobalSection(ProjectConfigurationPlatforms) = postSolution
		{3205AD2C-9958-44DB-A642-EDFDBEA9CA6E}.Debug|Any CPU.ActiveCfg = Debug|Any CPU
		{3205AD2C-9958-44DB-A642-EDFDBEA9CA6E}.Debug|Any CPU.Build.0 = Debug|Any CPU
		{3205AD2C-9958-44DB-A642-EDFDBEA9CA6E}.Release|Any CPU.ActiveCfg = Release|Any CPU
		{3205AD2C-9958-44DB-A642-EDFDBEA9CA6E}.Release|Any CPU.Build.0 = Release|Any CPU
	EndGlobalSection
	GlobalSection(SolutionProperties) = preSolution
		HideSolutionNode = FALSE
	EndGlobalSection
	GlobalSection(ExtensibilityGlobals) = postSolution
		SolutionGuid = {E1CFBF7B-0663-4AF8-AC71-271B7D01F29C}
	EndGlobalSection
EndGlobal
