
Microsoft Visual Studio Solution File, Format Version 12.00
# Visual Studio Version 16
VisualStudioVersion = 16.0.31129.286
MinimumVisualStudioVersion = 10.0.40219.1
Project("{9A19103F-16F7-4668-BE54-9A1E7A4F7556}") = "FinalProjectTodo", "FinalProjectTodo\FinalProjectTodo.csproj", "{A10C766A-8D88-4F3B-97A0-855A08A78F88}"
EndProject
Project("{FAE04EC0-301F-11D3-BF4B-00C04F79EFBC}") = "FinalProjectTodo.Test", "FinalProjectTodo.Test\FinalProjectTodo.Test.csproj", "{3FC05F23-701B-4410-97A0-F0D3CA2A821F}"
EndProject
Global
	GlobalSection(SolutionConfigurationPlatforms) = preSolution
		Debug|Any CPU = Debug|Any CPU
		Release|Any CPU = Release|Any CPU
	EndGlobalSection
	GlobalSection(ProjectConfigurationPlatforms) = postSolution
		{A10C766A-8D88-4F3B-97A0-855A08A78F88}.Debug|Any CPU.ActiveCfg = Debug|Any CPU
		{A10C766A-8D88-4F3B-97A0-855A08A78F88}.Debug|Any CPU.Build.0 = Debug|Any CPU
		{A10C766A-8D88-4F3B-97A0-855A08A78F88}.Release|Any CPU.ActiveCfg = Release|Any CPU
		{A10C766A-8D88-4F3B-97A0-855A08A78F88}.Release|Any CPU.Build.0 = Release|Any CPU
		{3FC05F23-701B-4410-97A0-F0D3CA2A821F}.Debug|Any CPU.ActiveCfg = Debug|Any CPU
		{3FC05F23-701B-4410-97A0-F0D3CA2A821F}.Debug|Any CPU.Build.0 = Debug|Any CPU
		{3FC05F23-701B-4410-97A0-F0D3CA2A821F}.Release|Any CPU.ActiveCfg = Release|Any CPU
		{3FC05F23-701B-4410-97A0-F0D3CA2A821F}.Release|Any CPU.Build.0 = Release|Any CPU
	EndGlobalSection
	GlobalSection(SolutionProperties) = preSolution
		HideSolutionNode = FALSE
	EndGlobalSection
	GlobalSection(ExtensibilityGlobals) = postSolution
		SolutionGuid = {DC695265-0490-44A7-8409-67397B8588CC}
	EndGlobalSection
EndGlobal
